
Microsoft Visual Studio Solution File, Format Version 12.00
# Visual Studio Version 17
VisualStudioVersion = 17.0.31903.59
MinimumVisualStudioVersion = 10.0.40219.1
Project("{9A19103F-16F7-4668-BE54-9A1E7A4F7556}") = "KernelMemoryServer", "KernelMemoryServer.csproj", "{18A22D0A-EE07-40D9-AC24-2CCADA8A9EF1}"
EndProject
Project("{9A19103F-16F7-4668-BE54-9A1E7A4F7556}") = "SemanticMemoryDocumentImport", "..\..\Utilities\SemanticMemoryDocumentImport\SemanticMemoryDocumentImport.csproj", "{70C3B4FE-E338-4C96-8EB3-E42263ACAD58}"
EndProject
Global
	GlobalSection(SolutionConfigurationPlatforms) = preSolution
		Debug|Any CPU = Debug|Any CPU
		Release|Any CPU = Release|Any CPU
	EndGlobalSection
	GlobalSection(ProjectConfigurationPlatforms) = postSolution
		{18A22D0A-EE07-40D9-AC24-2CCADA8A9EF1}.Debug|Any CPU.ActiveCfg = Debug|Any CPU
		{18A22D0A-EE07-40D9-AC24-2CCADA8A9EF1}.Debug|Any CPU.Build.0 = Debug|Any CPU
		{18A22D0A-EE07-40D9-AC24-2CCADA8A9EF1}.Release|Any CPU.ActiveCfg = Release|Any CPU
		{18A22D0A-EE07-40D9-AC24-2CCADA8A9EF1}.Release|Any CPU.Build.0 = Release|Any CPU
		{70C3B4FE-E338-4C96-8EB3-E42263ACAD58}.Debug|Any CPU.ActiveCfg = Debug|Any CPU
		{70C3B4FE-E338-4C96-8EB3-E42263ACAD58}.Debug|Any CPU.Build.0 = Debug|Any CPU
		{70C3B4FE-E338-4C96-8EB3-E42263ACAD58}.Release|Any CPU.ActiveCfg = Release|Any CPU
		{70C3B4FE-E338-4C96-8EB3-E42263ACAD58}.Release|Any CPU.Build.0 = Release|Any CPU
	EndGlobalSection
	GlobalSection(SolutionProperties) = preSolution
		HideSolutionNode = FALSE
	EndGlobalSection
	GlobalSection(ExtensibilityGlobals) = postSolution
		SolutionGuid = {3266DBFA-5727-4F34-B930-5BF156ABD79F}
	EndGlobalSection
EndGlobal
