
Microsoft Visual Studio Solution File, Format Version 12.00
# Visual Studio Version 17
VisualStudioVersion = 17.0.31903.59
MinimumVisualStudioVersion = 10.0.40219.1
Project("{9A19103F-16F7-4668-BE54-9A1E7A4F7556}") = "SemanticMemoryDocumentImport", "SemanticMemoryDocumentImport\SemanticMemoryDocumentImport.csproj", "{8B069316-A14A-465F-8AF1-4AD22A5C68B4}"
EndProject
Project("{9A19103F-16F7-4668-BE54-9A1E7A4F7556}") = "testapp", "testapp\testapp.csproj", "{615539C5-29E1-479A-B406-B1A5BBA84F2D}"
	ProjectSection(ProjectDependencies) = postProject
		{8B069316-A14A-465F-8AF1-4AD22A5C68B4} = {8B069316-A14A-465F-8AF1-4AD22A5C68B4}
	EndProjectSection
EndProject
Global
	GlobalSection(SolutionConfigurationPlatforms) = preSolution
		Debug|Any CPU = Debug|Any CPU
		Release|Any CPU = Release|Any CPU
	EndGlobalSection
	GlobalSection(ProjectConfigurationPlatforms) = postSolution
		{8B069316-A14A-465F-8AF1-4AD22A5C68B4}.Debug|Any CPU.ActiveCfg = Debug|Any CPU
		{8B069316-A14A-465F-8AF1-4AD22A5C68B4}.Debug|Any CPU.Build.0 = Debug|Any CPU
		{8B069316-A14A-465F-8AF1-4AD22A5C68B4}.Release|Any CPU.ActiveCfg = Release|Any CPU
		{8B069316-A14A-465F-8AF1-4AD22A5C68B4}.Release|Any CPU.Build.0 = Release|Any CPU
		{615539C5-29E1-479A-B406-B1A5BBA84F2D}.Debug|Any CPU.ActiveCfg = Debug|Any CPU
		{615539C5-29E1-479A-B406-B1A5BBA84F2D}.Debug|Any CPU.Build.0 = Debug|Any CPU
		{615539C5-29E1-479A-B406-B1A5BBA84F2D}.Release|Any CPU.ActiveCfg = Release|Any CPU
		{615539C5-29E1-479A-B406-B1A5BBA84F2D}.Release|Any CPU.Build.0 = Release|Any CPU
	EndGlobalSection
	GlobalSection(SolutionProperties) = preSolution
		HideSolutionNode = FALSE
	EndGlobalSection
	GlobalSection(ExtensibilityGlobals) = postSolution
		SolutionGuid = {F7B120FB-081E-40CA-B9B1-CED2DCA03535}
	EndGlobalSection
EndGlobal
